
Microsoft Visual Studio Solution File, Format Version 12.00
# Visual Studio Version 16
VisualStudioVersion = 16.0.29613.14
MinimumVisualStudioVersion = 10.0.40219.1
Project("{FAE04EC0-301F-11D3-BF4B-00C04F79EFBC}") = "MidiTester", "MidiTester\MidiTester.csproj", "{FA95433C-6CDA-43BC-8BAA-F62507B5A4DD}"
EndProject
Global
	GlobalSection(SolutionConfigurationPlatforms) = preSolution
		Debug|Any CPU = Debug|Any CPU
		Release|Any CPU = Release|Any CPU
	EndGlobalSection
	GlobalSection(ProjectConfigurationPlatforms) = postSolution
		{FA95433C-6CDA-43BC-8BAA-F62507B5A4DD}.Debug|Any CPU.ActiveCfg = Debug|Any CPU
		{FA95433C-6CDA-43BC-8BAA-F62507B5A4DD}.Debug|Any CPU.Build.0 = Debug|Any CPU
		{FA95433C-6CDA-43BC-8BAA-F62507B5A4DD}.Release|Any CPU.ActiveCfg = Release|Any CPU
		{FA95433C-6CDA-43BC-8BAA-F62507B5A4DD}.Release|Any CPU.Build.0 = Release|Any CPU
	EndGlobalSection
	GlobalSection(SolutionProperties) = preSolution
		HideSolutionNode = FALSE
	EndGlobalSection
	GlobalSection(ExtensibilityGlobals) = postSolution
		SolutionGuid = {62F8F8DB-2ED8-4C01-88D1-7B362A682051}
	EndGlobalSection
EndGlobal
